
Microsoft Visual Studio Solution File, Format Version 12.00
# Visual Studio Version 16
VisualStudioVersion = 16.0.29613.14
MinimumVisualStudioVersion = 10.0.40219.1
Project("{FAE04EC0-301F-11D3-BF4B-00C04F79EFBC}") = "AppWeb2023", "AppWeb2023\AppWeb2023.csproj", "{70A816E5-2DA5-4040-869B-FC679836A32A}"
EndProject
Global
	GlobalSection(SolutionConfigurationPlatforms) = preSolution
		Debug|Any CPU = Debug|Any CPU
		Release|Any CPU = Release|Any CPU
	EndGlobalSection
	GlobalSection(ProjectConfigurationPlatforms) = postSolution
		{70A816E5-2DA5-4040-869B-FC679836A32A}.Debug|Any CPU.ActiveCfg = Debug|Any CPU
		{70A816E5-2DA5-4040-869B-FC679836A32A}.Debug|Any CPU.Build.0 = Debug|Any CPU
		{70A816E5-2DA5-4040-869B-FC679836A32A}.Release|Any CPU.ActiveCfg = Release|Any CPU
		{70A816E5-2DA5-4040-869B-FC679836A32A}.Release|Any CPU.Build.0 = Release|Any CPU
	EndGlobalSection
	GlobalSection(SolutionProperties) = preSolution
		HideSolutionNode = FALSE
	EndGlobalSection
	GlobalSection(ExtensibilityGlobals) = postSolution
		SolutionGuid = {0568920E-6853-4833-A367-C9535010DC90}
	EndGlobalSection
EndGlobal
